
Microsoft Visual Studio Solution File, Format Version 12.00
# Visual Studio Version 17
VisualStudioVersion = 17.9.34723.18
MinimumVisualStudioVersion = 10.0.40219.1
Project("{FAE04EC0-301F-11D3-BF4B-00C04F79EFBC}") = "JASE.Controls", "JASE.Controls\JASE.Controls.csproj", "{6B77027E-972B-41B8-98D1-69B97A596D62}"
EndProject
Project("{FAE04EC0-301F-11D3-BF4B-00C04F79EFBC}") = "Test Project", "Test Project\Test Project.csproj", "{7FA206D6-B247-4423-8A14-E3B2F4812B50}"
EndProject
Global
	GlobalSection(SolutionConfigurationPlatforms) = preSolution
		Debug|Any CPU = Debug|Any CPU
		Release|Any CPU = Release|Any CPU
	EndGlobalSection
	GlobalSection(ProjectConfigurationPlatforms) = postSolution
		{6B77027E-972B-41B8-98D1-69B97A596D62}.Debug|Any CPU.ActiveCfg = Debug|Any CPU
		{6B77027E-972B-41B8-98D1-69B97A596D62}.Debug|Any CPU.Build.0 = Debug|Any CPU
		{6B77027E-972B-41B8-98D1-69B97A596D62}.Release|Any CPU.ActiveCfg = Release|Any CPU
		{6B77027E-972B-41B8-98D1-69B97A596D62}.Release|Any CPU.Build.0 = Release|Any CPU
		{7FA206D6-B247-4423-8A14-E3B2F4812B50}.Debug|Any CPU.ActiveCfg = Debug|Any CPU
		{7FA206D6-B247-4423-8A14-E3B2F4812B50}.Debug|Any CPU.Build.0 = Debug|Any CPU
		{7FA206D6-B247-4423-8A14-E3B2F4812B50}.Release|Any CPU.ActiveCfg = Release|Any CPU
		{7FA206D6-B247-4423-8A14-E3B2F4812B50}.Release|Any CPU.Build.0 = Release|Any CPU
	EndGlobalSection
	GlobalSection(SolutionProperties) = preSolution
		HideSolutionNode = FALSE
	EndGlobalSection
	GlobalSection(ExtensibilityGlobals) = postSolution
		SolutionGuid = {D82C5F7C-F6E9-4733-AB7B-43AD9F7CEDA3}
	EndGlobalSection
EndGlobal
